
Microsoft Visual Studio Solution File, Format Version 12.00
# Visual Studio Version 17
VisualStudioVersion = 17.1.32328.378
MinimumVisualStudioVersion = 10.0.40219.1
Project("{FAE04EC0-301F-11D3-BF4B-00C04F79EFBC}") = "TestApp", "TestApp\TestApp.csproj", "{B5B88E58-06D9-4404-AF71-559B8EF0669A}"
EndProject
Project("{FAE04EC0-301F-11D3-BF4B-00C04F79EFBC}") = "SOBTests", "SOBTests\SOBTests.csproj", "{5DAEBFA7-23B5-41FF-9884-2A3C8BB2C8C5}"
EndProject
Global
	GlobalSection(SolutionConfigurationPlatforms) = preSolution
		Debug|Any CPU = Debug|Any CPU
		Release|Any CPU = Release|Any CPU
	EndGlobalSection
	GlobalSection(ProjectConfigurationPlatforms) = postSolution
		{B5B88E58-06D9-4404-AF71-559B8EF0669A}.Debug|Any CPU.ActiveCfg = Debug|Any CPU
		{B5B88E58-06D9-4404-AF71-559B8EF0669A}.Debug|Any CPU.Build.0 = Debug|Any CPU
		{B5B88E58-06D9-4404-AF71-559B8EF0669A}.Release|Any CPU.ActiveCfg = Release|Any CPU
		{B5B88E58-06D9-4404-AF71-559B8EF0669A}.Release|Any CPU.Build.0 = Release|Any CPU
		{5DAEBFA7-23B5-41FF-9884-2A3C8BB2C8C5}.Debug|Any CPU.ActiveCfg = Debug|Any CPU
		{5DAEBFA7-23B5-41FF-9884-2A3C8BB2C8C5}.Debug|Any CPU.Build.0 = Debug|Any CPU
		{5DAEBFA7-23B5-41FF-9884-2A3C8BB2C8C5}.Release|Any CPU.ActiveCfg = Release|Any CPU
		{5DAEBFA7-23B5-41FF-9884-2A3C8BB2C8C5}.Release|Any CPU.Build.0 = Release|Any CPU
	EndGlobalSection
	GlobalSection(SolutionProperties) = preSolution
		HideSolutionNode = FALSE
	EndGlobalSection
	GlobalSection(ExtensibilityGlobals) = postSolution
		SolutionGuid = {6B70D3B5-763D-4FEC-9FC7-353D44D4A2A4}
	EndGlobalSection
EndGlobal
